
Microsoft Visual Studio Solution File, Format Version 12.00
# Visual Studio Version 17
VisualStudioVersion = 17.5.33424.131
MinimumVisualStudioVersion = 10.0.40219.1
Project("{FAE04EC0-301F-11D3-BF4B-00C04F79EFBC}") = "BsuApi", "BsuApi\BsuApi.csproj", "{1892BBB4-2464-4C6B-8117-201D72DF457F}"
	ProjectSection(ProjectDependencies) = postProject
		{F5B8D86B-ED51-4ED6-8B7B-CECC4268717D} = {F5B8D86B-ED51-4ED6-8B7B-CECC4268717D}
	EndProjectSection
EndProject
Project("{FAE04EC0-301F-11D3-BF4B-00C04F79EFBC}") = "Model", "Model\Model.csproj", "{F5B8D86B-ED51-4ED6-8B7B-CECC4268717D}"
EndProject
Global
	GlobalSection(SolutionConfigurationPlatforms) = preSolution
		Debug|Any CPU = Debug|Any CPU
		Release|Any CPU = Release|Any CPU
	EndGlobalSection
	GlobalSection(ProjectConfigurationPlatforms) = postSolution
		{1892BBB4-2464-4C6B-8117-201D72DF457F}.Debug|Any CPU.ActiveCfg = Debug|Any CPU
		{1892BBB4-2464-4C6B-8117-201D72DF457F}.Debug|Any CPU.Build.0 = Debug|Any CPU
		{1892BBB4-2464-4C6B-8117-201D72DF457F}.Release|Any CPU.ActiveCfg = Release|Any CPU
		{1892BBB4-2464-4C6B-8117-201D72DF457F}.Release|Any CPU.Build.0 = Release|Any CPU
		{F5B8D86B-ED51-4ED6-8B7B-CECC4268717D}.Debug|Any CPU.ActiveCfg = Debug|Any CPU
		{F5B8D86B-ED51-4ED6-8B7B-CECC4268717D}.Debug|Any CPU.Build.0 = Debug|Any CPU
		{F5B8D86B-ED51-4ED6-8B7B-CECC4268717D}.Release|Any CPU.ActiveCfg = Release|Any CPU
		{F5B8D86B-ED51-4ED6-8B7B-CECC4268717D}.Release|Any CPU.Build.0 = Release|Any CPU
	EndGlobalSection
	GlobalSection(SolutionProperties) = preSolution
		HideSolutionNode = FALSE
	EndGlobalSection
	GlobalSection(ExtensibilityGlobals) = postSolution
		SolutionGuid = {DF20EE3B-4505-47D7-8B51-722178281703}
	EndGlobalSection
EndGlobal
